
Microsoft Visual Studio Solution File, Format Version 12.00
# Visual Studio Version 17
VisualStudioVersion = 17.4.33213.308
MinimumVisualStudioVersion = 10.0.40219.1
Project("{FAE04EC0-301F-11D3-BF4B-00C04F79EFBC}") = "PizzaStation", "BreakfastStation\PizzaStation.csproj", "{EABD6F64-5AFC-4945-BD63-A3E62DB910BD}"
EndProject
Global
	GlobalSection(SolutionConfigurationPlatforms) = preSolution
		Debug|Any CPU = Debug|Any CPU
		Release|Any CPU = Release|Any CPU
	EndGlobalSection
	GlobalSection(ProjectConfigurationPlatforms) = postSolution
		{EABD6F64-5AFC-4945-BD63-A3E62DB910BD}.Debug|Any CPU.ActiveCfg = Debug|Any CPU
		{EABD6F64-5AFC-4945-BD63-A3E62DB910BD}.Debug|Any CPU.Build.0 = Debug|Any CPU
		{EABD6F64-5AFC-4945-BD63-A3E62DB910BD}.Release|Any CPU.ActiveCfg = Release|Any CPU
		{EABD6F64-5AFC-4945-BD63-A3E62DB910BD}.Release|Any CPU.Build.0 = Release|Any CPU
	EndGlobalSection
	GlobalSection(SolutionProperties) = preSolution
		HideSolutionNode = FALSE
	EndGlobalSection
	GlobalSection(ExtensibilityGlobals) = postSolution
		SolutionGuid = {729594B4-2E3A-4955-BA25-51DB0EB96030}
	EndGlobalSection
EndGlobal
